
Microsoft Visual Studio Solution File, Format Version 12.00
Project("{FAE04EC0-301F-11D3-BF4B-00C04F79EFBC}") = "fredapi", "fredapi.csproj", "{F31C6145-AA04-440B-8A11-601BE8255827}"
EndProject
Global
	GlobalSection(SolutionConfigurationPlatforms) = preSolution
		Debug|Any CPU = Debug|Any CPU
		Release|Any CPU = Release|Any CPU
	EndGlobalSection
	GlobalSection(ProjectConfigurationPlatforms) = postSolution
		{F31C6145-AA04-440B-8A11-601BE8255827}.Debug|Any CPU.ActiveCfg = Debug|Any CPU
		{F31C6145-AA04-440B-8A11-601BE8255827}.Debug|Any CPU.Build.0 = Debug|Any CPU
		{F31C6145-AA04-440B-8A11-601BE8255827}.Release|Any CPU.ActiveCfg = Release|Any CPU
		{F31C6145-AA04-440B-8A11-601BE8255827}.Release|Any CPU.Build.0 = Release|Any CPU
	EndGlobalSection
EndGlobal
